{
  "version": 4,
  "terraform_version": "0.12.29",
  "serial": 3,
  "lineage": "709f13a8-031b-de6a-7c33-da5f5b5ed1b5",
  "outputs": {},
  "resources": [
    {
      "mode": "managed",
      "type": "aws_internet_gateway",
      "name": "gw",
      "provider": "provider.aws",
      "instances": [
        {
          "schema_version": 0,
          "attributes": {
            "arn": "arn:aws:ec2:us-east-1:033013153880:internet-gateway/igw-0f316af815ffae29b",
            "id": "igw-0f316af815ffae29b",
            "owner_id": "033013153880",
            "tags": {
              "Name": "terra-igw"
            },
            "vpc_id": "vpc-01039637befbd70b8"
          },
          "private": "bnVsbA==",
          "dependencies": [
            "aws_vpc.main"
          ]
        }
      ]
    },
    {
      "mode": "managed",
      "type": "aws_vpc",
      "name": "main",
      "provider": "provider.aws",
      "instances": [
        {
          "schema_version": 1,
          "attributes": {
            "arn": "arn:aws:ec2:us-east-1:033013153880:vpc/vpc-01039637befbd70b8",
            "assign_generated_ipv6_cidr_block": false,
            "cidr_block": "10.10.0.0/16",
            "default_network_acl_id": "acl-0b9f19dbda7ff530b",
            "default_route_table_id": "rtb-0d59d276d99955273",
            "default_security_group_id": "sg-02f16b1a95869662f",
            "dhcp_options_id": "dopt-0352ce79",
            "enable_classiclink": false,
            "enable_classiclink_dns_support": false,
            "enable_dns_hostnames": false,
            "enable_dns_support": true,
            "id": "vpc-01039637befbd70b8",
            "instance_tenancy": "default",
            "ipv6_association_id": "",
            "ipv6_cidr_block": "",
            "main_route_table_id": "rtb-0d59d276d99955273",
            "owner_id": "033013153880",
            "tags": {
              "Name": "terra-vpc"
            }
          },
          "private": "eyJzY2hlbWFfdmVyc2lvbiI6IjEifQ=="
        }
      ]
    }
  ]
}
